// !$*UTF8*$!
{
	archiveVersion = 1;
	classes = {
	};
	objectVersion = 46;
	objects = {

/* Begin PBXBuildFile section */
		CCAF97931E0BDDC000FD7BDC /* main.m in Sources */ = {isa = PBXBuildFile; fileRef = CCAF97921E0BDDC000FD7BDC /* main.m */; };
		CCAF97961E0BDDC000FD7BDC /* AppDelegate.m in Sources */ = {isa = PBXBuildFile; fileRef = CCAF97951E0BDDC000FD7BDC /* AppDelegate.m */; };
		CCAF97991E0BDDC000FD7BDC /* ViewController.m in Sources */ = {isa = PBXBuildFile; fileRef = CCAF97981E0BDDC000FD7BDC /* ViewController.m */; };
		CCAF979C1E0BDDC000FD7BDC /* Main.storyboard in Resources */ = {isa = PBXBuildFile; fileRef = CCAF979A1E0BDDC000FD7BDC /* Main.storyboard */; };
		CCAF979E1E0BDDC000FD7BDC /* Assets.xcassets in Resources */ = {isa = PBXBuildFile; fileRef = CCAF979D1E0BDDC000FD7BDC /* Assets.xcassets */; };
		CCAF97A11E0BDDC000FD7BDC /* LaunchScreen.storyboard in Resources */ = {isa = PBXBuildFile; fileRef = CCAF979F1E0BDDC000FD7BDC /* LaunchScreen.storyboard */; };
		CCAF97AC1E0BDDC100FD7BDC /* test122201Tests.m in Sources */ = {isa = PBXBuildFile; fileRef = CCAF97AB1E0BDDC100FD7BDC /* test122201Tests.m */; };
		CCAF97B71E0BDDC100FD7BDC /* test122201UITests.m in Sources */ = {isa = PBXBuildFile; fileRef = CCAF97B61E0BDDC100FD7BDC /* test122201UITests.m */; };
/* End PBXBuildFile section */

/* Begin PBXContainerItemProxy section */
		CCAF97A81E0BDDC100FD7BDC /* PBXContainerItemProxy */ = {
			isa = PBXContainerItemProxy;
			containerPortal = CCAF97861E0BDDC000FD7BDC /* Project object */;
			proxyType = 1;
			remoteGlobalIDString = CCAF978D1E0BDDC000FD7BDC;
			remoteInfo = test122201;
		};
		CCAF97B31E0BDDC100FD7BDC /* PBXContainerItemProxy */ = {
			isa = PBXContainerItemProxy;
			containerPortal = CCAF97861E0BDDC000FD7BDC /* Project object */;
			proxyType = 1;
			remoteGlobalIDString = CCAF978D1E0BDDC000FD7BDC;
			remoteInfo = test122201;
		};
/* End PBXContainerItemProxy section */

/* Begin PBXFileReference section */
		CCAF978E1E0BDDC000FD7BDC /* test122201.app */ = {isa = PBXFileReference; explicitFileType = wrapper.application; includeInIndex = 0; path = test122201.app; sourceTree = BUILT_PRODUCTS_DIR; };
		CCAF97921E0BDDC000FD7BDC /* main.m */ = {isa = PBXFileReference; lastKnownFileType = sourcecode.c.objc; path = main.m; sourceTree = "<group>"; };
		CCAF97941E0BDDC000FD7BDC /* AppDelegate.h */ = {isa = PBXFileReference; lastKnownFileType = sourcecode.c.h; path = AppDelegate.h; sourceTree = "<group>"; };
		CCAF97951E0BDDC000FD7BDC /* AppDelegate.m */ = {isa = PBXFileReference; lastKnownFileType = sourcecode.c.objc; path = AppDelegate.m; sourceTree = "<group>"; };
		CCAF97971E0BDDC000FD7BDC /* ViewController.h */ = {isa = PBXFileReference; lastKnownFileType = sourcecode.c.h; path = ViewController.h; sourceTree = "<group>"; };
		CCAF97981E0BDDC000FD7BDC /* ViewController.m */ = {isa = PBXFileReference; lastKnownFileType = sourcecode.c.objc; path = ViewController.m; sourceTree = "<group>"; };
		CCAF979B1E0BDDC000FD7BDC /* Base */ = {isa = PBXFileReference; lastKnownFileType = file.storyboard; name = Base; path = Base.lproj/Main.storyboard; sourceTree = "<group>"; };
		CCAF979D1E0BDDC000FD7BDC /* Assets.xcassets */ = {isa = PBXFileReference; lastKnownFileType = folder.assetcatalog; path = Assets.xcassets; sourceTree = "<group>"; };
		CCAF97A01E0BDDC000FD7BDC /* Base */ = {isa = PBXFileReference; lastKnownFileType = file.storyboard; name = Base; path = Base.lproj/LaunchScreen.storyboard; sourceTree = "<group>"; };
		CCAF97A21E0BDDC000FD7BDC /* Info.plist */ = {isa = PBXFileReference; lastKnownFileType = text.plist.xml; path = Info.plist; sourceTree = "<group>"; };
		CCAF97A71E0BDDC100FD7BDC /* test122201Tests.xctest */ = {isa = PBXFileReference; explicitFileType = wrapper.cfbundle; includeInIndex = 0; path = test122201Tests.xctest; sourceTree = BUILT_PRODUCTS_DIR; };
		CCAF97AB1E0BDDC100FD7BDC /* test122201Tests.m */ = {isa = PBXFileReference; lastKnownFileType = sourcecode.c.objc; path = test122201Tests.m; sourceTree = "<group>"; };
		CCAF97AD1E0BDDC100FD7BDC /* Info.plist */ = {isa = PBXFileReference; lastKnownFileType = text.plist.xml; path = Info.plist; sourceTree = "<group>"; };
		CCAF97B21E0BDDC100FD7BDC /* test122201UITests.xctest */ = {isa = PBXFileReference; explicitFileType = wrapper.cfbundle; includeInIndex = 0; path = test122201UITests.xctest; sourceTree = BUILT_PRODUCTS_DIR; };
		CCAF97B61E0BDDC100FD7BDC /* test122201UITests.m */ = {isa = PBXFileReference; lastKnownFileType = sourcecode.c.objc; path = test122201UITests.m; sourceTree = "<group>"; };
		CCAF97B81E0BDDC100FD7BDC /* Info.plist */ = {isa = PBXFileReference; lastKnownFileType = text.plist.xml; path = Info.plist; sourceTree = "<group>"; };
/* End PBXFileReference section */

/* Begin PBXFrameworksBuildPhase section */
		CCAF978B1E0BDDC000FD7BDC /* Frameworks */ = {
			isa = PBXFrameworksBuildPhase;
			buildActionMask = 2147483647;
			files = (
			);
			runOnlyForDeploymentPostprocessing = 0;
		};
		CCAF97A41E0BDDC100FD7BDC /* Frameworks */ = {
			isa = PBXFrameworksBuildPhase;
			buildActionMask = 2147483647;
			files = (
			);
			runOnlyForDeploymentPostprocessing = 0;
		};
		CCAF97AF1E0BDDC100FD7BDC /* Frameworks */ = {
			isa = PBXFrameworksBuildPhase;
			buildActionMask = 2147483647;
			files = (
			);
			runOnlyForDeploymentPostprocessing = 0;
		};
/* End PBXFrameworksBuildPhase section */

/* Begin PBXGroup section */
		CCAF97851E0BDDC000FD7BDC = {
			isa = PBXGroup;
			children = (
				CCAF97901E0BDDC000FD7BDC /* test122201 */,
				CCAF97AA1E0BDDC100FD7BDC /* test122201Tests */,
				CCAF97B51E0BDDC100FD7BDC /* test122201UITests */,
				CCAF978F1E0BDDC000FD7BDC /* Products */,
			);
			sourceTree = "<group>";
		};
		CCAF978F1E0BDDC000FD7BDC /* Products */ = {
			isa = PBXGroup;
			children = (
				CCAF978E1E0BDDC000FD7BDC /* test122201.app */,
				CCAF97A71E0BDDC100FD7BDC /* test122201Tests.xctest */,
				CCAF97B21E0BDDC100FD7BDC /* test122201UITests.xctest */,
			);
			name = Products;
			sourceTree = "<group>";
		};
		CCAF97901E0BDDC000FD7BDC /* test122201 */ = {
			isa = PBXGroup;
			children = (
				CCAF97941E0BDDC000FD7BDC /* AppDelegate.h */,
				CCAF97951E0BDDC000FD7BDC /* AppDelegate.m */,
				CCAF97971E0BDDC000FD7BDC /* ViewController.h */,
				CCAF97981E0BDDC000FD7BDC /* ViewController.m */,
				CCAF979A1E0BDDC000FD7BDC /* Main.storyboard */,
				CCAF979D1E0BDDC000FD7BDC /* Assets.xcassets */,
				CCAF979F1E0BDDC000FD7BDC /* LaunchScreen.storyboard */,
				CCAF97A21E0BDDC000FD7BDC /* Info.plist */,
				CCAF97911E0BDDC000FD7BDC /* Supporting Files */,
			);
			path = test122201;
			sourceTree = "<group>";
		};
		CCAF97911E0BDDC000FD7BDC /* Supporting Files */ = {
			isa = PBXGroup;
			children = (
				CCAF97921E0BDDC000FD7BDC /* main.m */,
			);
			name = "Supporting Files";
			sourceTree = "<group>";
		};
		CCAF97AA1E0BDDC100FD7BDC /* test122201Tests */ = {
			isa = PBXGroup;
			children = (
				CCAF97AB1E0BDDC100FD7BDC /* test122201Tests.m */,
				CCAF97AD1E0BDDC100FD7BDC /* Info.plist */,
			);
			path = test122201Tests;
			sourceTree = "<group>";
		};
		CCAF97B51E0BDDC100FD7BDC /* test122201UITests */ = {
			isa = PBXGroup;
			children = (
				CCAF97B61E0BDDC100FD7BDC /* test122201UITests.m */,
				CCAF97B81E0BDDC100FD7BDC /* Info.plist */,
			);
			path = test122201UITests;
			sourceTree = "<group>";
		};
/* End PBXGroup section */

/* Begin PBXNativeTarget section */
		CCAF978D1E0BDDC000FD7BDC /* test122201 */ = {
			isa = PBXNativeTarget;
			buildConfigurationList = CCAF97BB1E0BDDC100FD7BDC /* Build configuration list for PBXNativeTarget "test122201" */;
			buildPhases = (
				CCAF978A1E0BDDC000FD7BDC /* Sources */,
				CCAF978B1E0BDDC000FD7BDC /* Frameworks */,
				CCAF978C1E0BDDC000FD7BDC /* Resources */,
			);
			buildRules = (
			);
			dependencies = (
			);
			name = test122201;
			productName = test122201;
			productReference = CCAF978E1E0BDDC000FD7BDC /* test122201.app */;
			productType = "com.apple.product-type.application";
		};
		CCAF97A61E0BDDC100FD7BDC /* test122201Tests */ = {
			isa = PBXNativeTarget;
			buildConfigurationList = CCAF97BE1E0BDDC100FD7BDC /* Build configuration list for PBXNativeTarget "test122201Tests" */;
			buildPhases = (
				CCAF97A31E0BDDC100FD7BDC /* Sources */,
				CCAF97A41E0BDDC100FD7BDC /* Frameworks */,
				CCAF97A51E0BDDC100FD7BDC /* Resources */,
			);
			buildRules = (
			);
			dependencies = (
				CCAF97A91E0BDDC100FD7BDC /* PBXTargetDependency */,
			);
			name = test122201Tests;
			productName = test122201Tests;
			productReference = CCAF97A71E0BDDC100FD7BDC /* test122201Tests.xctest */;
			productType = "com.apple.product-type.bundle.unit-test";
		};
		CCAF97B11E0BDDC100FD7BDC /* test122201UITests */ = {
			isa = PBXNativeTarget;
			buildConfigurationList = CCAF97C11E0BDDC100FD7BDC /* Build configuration list for PBXNativeTarget "test122201UITests" */;
			buildPhases = (
				CCAF97AE1E0BDDC100FD7BDC /* Sources */,
				CCAF97AF1E0BDDC100FD7BDC /* Frameworks */,
				CCAF97B01E0BDDC100FD7BDC /* Resources */,
			);
			buildRules = (
			);
			dependencies = (
				CCAF97B41E0BDDC100FD7BDC /* PBXTargetDependency */,
			);
			name = test122201UITests;
			productName = test122201UITests;
			productReference = CCAF97B21E0BDDC100FD7BDC /* test122201UITests.xctest */;
			productType = "com.apple.product-type.bundle.ui-testing";
		};
/* End PBXNativeTarget section */

/* Begin PBXProject section */
		CCAF97861E0BDDC000FD7BDC /* Project object */ = {
			isa = PBXProject;
			attributes = {
				LastUpgradeCheck = 0810;
				ORGANIZATIONNAME = "yang Gao";
				TargetAttributes = {
					CCAF978D1E0BDDC000FD7BDC = {
						CreatedOnToolsVersion = 8.1;
						ProvisioningStyle = Automatic;
					};
					CCAF97A61E0BDDC100FD7BDC = {
						CreatedOnToolsVersion = 8.1;
						ProvisioningStyle = Automatic;
						TestTargetID = CCAF978D1E0BDDC000FD7BDC;
					};
					CCAF97B11E0BDDC100FD7BDC = {
						CreatedOnToolsVersion = 8.1;
						ProvisioningStyle = Automatic;
						TestTargetID = CCAF978D1E0BDDC000FD7BDC;
					};
				};
			};
			buildConfigurationList = CCAF97891E0BDDC000FD7BDC /* Build configuration list for PBXProject "test122201" */;
			compatibilityVersion = "Xcode 3.2";
			developmentRegion = English;
			hasScannedForEncodings = 0;
			knownRegions = (
				en,
				Base,
			);
			mainGroup = CCAF97851E0BDDC000FD7BDC;
			productRefGroup = CCAF978F1E0BDDC000FD7BDC /* Products */;
			projectDirPath = "";
			projectRoot = "";
			targets = (
				CCAF978D1E0BDDC000FD7BDC /* test122201 */,
				CCAF97A61E0BDDC100FD7BDC /* test122201Tests */,
				CCAF97B11E0BDDC100FD7BDC /* test122201UITests */,
			);
		};
/* End PBXProject section */

/* Begin PBXResourcesBuildPhase section */
		CCAF978C1E0BDDC000FD7BDC /* Resources */ = {
			isa = PBXResourcesBuildPhase;
			buildActionMask = 2147483647;
			files = (
				CCAF97A11E0BDDC000FD7BDC /* LaunchScreen.storyboard in Resources */,
				CCAF979E1E0BDDC000FD7BDC /* Assets.xcassets in Resources */,
				CCAF979C1E0BDDC000FD7BDC /* Main.storyboard in Resources */,
			);
			runOnlyForDeploymentPostprocessing = 0;
		};
		CCAF97A51E0BDDC100FD7BDC /* Resources */ = {
			isa = PBXResourcesBuildPhase;
			buildActionMask = 2147483647;
			files = (
			);
			runOnlyForDeploymentPostprocessing = 0;
		};
		CCAF97B01E0BDDC100FD7BDC /* Resources */ = {
			isa = PBXResourcesBuildPhase;
			buildActionMask = 2147483647;
			files = (
			);
			runOnlyForDeploymentPostprocessing = 0;
		};
/* End PBXResourcesBuildPhase section */

/* Begin PBXSourcesBuildPhase section */
		CCAF978A1E0BDDC000FD7BDC /* Sources */ = {
			isa = PBXSourcesBuildPhase;
			buildActionMask = 2147483647;
			files = (
				CCAF97991E0BDDC000FD7BDC /* ViewController.m in Sources */,
				CCAF97961E0BDDC000FD7BDC /* AppDelegate.m in Sources */,
				CCAF97931E0BDDC000FD7BDC /* main.m in Sources */,
			);
			runOnlyForDeploymentPostprocessing = 0;
		};
		CCAF97A31E0BDDC100FD7BDC /* Sources */ = {
			isa = PBXSourcesBuildPhase;
			buildActionMask = 2147483647;
			files = (
				CCAF97AC1E0BDDC100FD7BDC /* test122201Tests.m in Sources */,
			);
			runOnlyForDeploymentPostprocessing = 0;
		};
		CCAF97AE1E0BDDC100FD7BDC /* Sources */ = {
			isa = PBXSourcesBuildPhase;
			buildActionMask = 2147483647;
			files = (
				CCAF97B71E0BDDC100FD7BDC /* test122201UITests.m in Sources */,
			);
			runOnlyForDeploymentPostprocessing = 0;
		};
/* End PBXSourcesBuildPhase section */

/* Begin PBXTargetDependency section */
		CCAF97A91E0BDDC100FD7BDC /* PBXTargetDependency */ = {
			isa = PBXTargetDependency;
			target = CCAF978D1E0BDDC000FD7BDC /* test122201 */;
			targetProxy = CCAF97A81E0BDDC100FD7BDC /* PBXContainerItemProxy */;
		};
		CCAF97B41E0BDDC100FD7BDC /* PBXTargetDependency */ = {
			isa = PBXTargetDependency;
			target = CCAF978D1E0BDDC000FD7BDC /* test122201 */;
			targetProxy = CCAF97B31E0BDDC100FD7BDC /* PBXContainerItemProxy */;
		};
/* End PBXTargetDependency section */

/* Begin PBXVariantGroup section */
		CCAF979A1E0BDDC000FD7BDC /* Main.storyboard */ = {
			isa = PBXVariantGroup;
			children = (
				CCAF979B1E0BDDC000FD7BDC /* Base */,
			);
			name = Main.storyboard;
			sourceTree = "<group>";
		};
		CCAF979F1E0BDDC000FD7BDC /* LaunchScreen.storyboard */ = {
			isa = PBXVariantGroup;
			children = (
				CCAF97A01E0BDDC000FD7BDC /* Base */,
			);
			name = LaunchScreen.storyboard;
			sourceTree = "<group>";
		};
/* End PBXVariantGroup section */

/* Begin XCBuildConfiguration section */
		CCAF97B91E0BDDC100FD7BDC /* Debug */ = {
			isa = XCBuildConfiguration;
			buildSettings = {
				ALWAYS_SEARCH_USER_PATHS = NO;
				CLANG_ANALYZER_NONNULL = YES;
				CLANG_CXX_LANGUAGE_STANDARD = "gnu++0x";
				CLANG_CXX_LIBRARY = "libc++";
				CLANG_ENABLE_MODULES = YES;
				CLANG_ENABLE_OBJC_ARC = YES;
				CLANG_WARN_BOOL_CONVERSION = YES;
				CLANG_WARN_CONSTANT_CONVERSION = YES;
				CLANG_WARN_DIRECT_OBJC_ISA_USAGE = YES_ERROR;
				CLANG_WARN_DOCUMENTATION_COMMENTS = YES;
				CLANG_WARN_EMPTY_BODY = YES;
				CLANG_WARN_ENUM_CONVERSION = YES;
				CLANG_WARN_INFINITE_RECURSION = YES;
				CLANG_WARN_INT_CONVERSION = YES;
				CLANG_WARN_OBJC_ROOT_CLASS = YES_ERROR;
				CLANG_WARN_SUSPICIOUS_MOVES = YES;
				CLANG_WARN_UNREACHABLE_CODE = YES;
				CLANG_WARN__DUPLICATE_METHOD_MATCH = YES;
				"CODE_SIGN_IDENTITY[sdk=iphoneos*]" = "iPhone Developer";
				COPY_PHASE_STRIP = NO;
				DEBUG_INFORMATION_FORMAT = dwarf;
				ENABLE_STRICT_OBJC_MSGSEND = YES;
				ENABLE_TESTABILITY = YES;
				GCC_C_LANGUAGE_STANDARD = gnu99;
				GCC_DYNAMIC_NO_PIC = NO;
				GCC_NO_COMMON_BLOCKS = YES;
				GCC_OPTIMIZATION_LEVEL = 0;
				GCC_PREPROCESSOR_DEFINITIONS = (
					"DEBUG=1",
					"$(inherited)",
				);
				GCC_WARN_64_TO_32_BIT_CONVERSION = YES;
				GCC_WARN_ABOUT_RETURN_TYPE = YES_ERROR;
				GCC_WARN_UNDECLARED_SELECTOR = YES;
				GCC_WARN_UNINITIALIZED_AUTOS = YES_AGGRESSIVE;
				GCC_WARN_UNUSED_FUNCTION = YES;
				GCC_WARN_UNUSED_VARIABLE = YES;
				IPHONEOS_DEPLOYMENT_TARGET = 10.1;
				MTL_ENABLE_DEBUG_INFO = YES;
				ONLY_ACTIVE_ARCH = YES;
				SDKROOT = iphoneos;
				TARGETED_DEVICE_FAMILY = "1,2";
			};
			name = Debug;
		};
		CCAF97BA1E0BDDC100FD7BDC /* Release */ = {
			isa = XCBuildConfiguration;
			buildSettings = {
				ALWAYS_SEARCH_USER_PATHS = NO;
				CLANG_ANALYZER_NONNULL = YES;
				CLANG_CXX_LANGUAGE_STANDARD = "gnu++0x";
				CLANG_CXX_LIBRARY = "libc++";
				CLANG_ENABLE_MODULES = YES;
				CLANG_ENABLE_OBJC_ARC = YES;
				CLANG_WARN_BOOL_CONVERSION = YES;
				CLANG_WARN_CONSTANT_CONVERSION = YES;
				CLANG_WARN_DIRECT_OBJC_ISA_USAGE = YES_ERROR;
				CLANG_WARN_DOCUMENTATION_COMMENTS = YES;
				CLANG_WARN_EMPTY_BODY = YES;
				CLANG_WARN_ENUM_CONVERSION = YES;
				CLANG_WARN_INFINITE_RECURSION = YES;
				CLANG_WARN_INT_CONVERSION = YES;
				CLANG_WARN_OBJC_ROOT_CLASS = YES_ERROR;
				CLANG_WARN_SUSPICIOUS_MOVES = YES;
				CLANG_WARN_UNREACHABLE_CODE = YES;
				CLANG_WARN__DUPLICATE_METHOD_MATCH = YES;
				"CODE_SIGN_IDENTITY[sdk=iphoneos*]" = "iPhone Developer";
				COPY_PHASE_STRIP = NO;
				DEBUG_INFORMATION_FORMAT = "dwarf-with-dsym";
				ENABLE_NS_ASSERTIONS = NO;
				ENABLE_STRICT_OBJC_MSGSEND = YES;
				GCC_C_LANGUAGE_STANDARD = gnu99;
				GCC_NO_COMMON_BLOCKS = YES;
				GCC_WARN_64_TO_32_BIT_CONVERSION = YES;
				GCC_WARN_ABOUT_RETURN_TYPE = YES_ERROR;
				GCC_WARN_UNDECLARED_SELECTOR = YES;
				GCC_WARN_UNINITIALIZED_AUTOS = YES_AGGRESSIVE;
				GCC_WARN_UNUSED_FUNCTION = YES;
				GCC_WARN_UNUSED_VARIABLE = YES;
				IPHONEOS_DEPLOYMENT_TARGET = 10.1;
				MTL_ENABLE_DEBUG_INFO = NO;
				SDKROOT = iphoneos;
				TARGETED_DEVICE_FAMILY = "1,2";
				VALIDATE_PRODUCT = YES;
			};
			name = Release;
		};
		CCAF97BC1E0BDDC100FD7BDC /* Debug */ = {
			isa = XCBuildConfiguration;
			buildSettings = {
				ASSETCATALOG_COMPILER_APPICON_NAME = AppIcon;
				INFOPLIST_FILE = test122201/Info.plist;
				LD_RUNPATH_SEARCH_PATHS = "$(inherited) @executable_path/Frameworks";
				PRODUCT_BUNDLE_IDENTIFIER = Gaoyang.test122201;
				PRODUCT_NAME = "$(TARGET_NAME)";
			};
			name = Debug;
		};
		CCAF97BD1E0BDDC100FD7BDC /* Release */ = {
			isa = XCBuildConfiguration;
			buildSettings = {
				ASSETCATALOG_COMPILER_APPICON_NAME = AppIcon;
				INFOPLIST_FILE = test122201/Info.plist;
				LD_RUNPATH_SEARCH_PATHS = "$(inherited) @executable_path/Frameworks";
				PRODUCT_BUNDLE_IDENTIFIER = Gaoyang.test122201;
				PRODUCT_NAME = "$(TARGET_NAME)";
			};
			name = Release;
		};
		CCAF97BF1E0BDDC100FD7BDC /* Debug */ = {
			isa = XCBuildConfiguration;
			buildSettings = {
				BUNDLE_LOADER = "$(TEST_HOST)";
				INFOPLIST_FILE = test122201Tests/Info.plist;
				LD_RUNPATH_SEARCH_PATHS = "$(inherited) @executable_path/Frameworks @loader_path/Frameworks";
				PRODUCT_BUNDLE_IDENTIFIER = Gaoyang.test122201Tests;
				PRODUCT_NAME = "$(TARGET_NAME)";
				TEST_HOST = "$(BUILT_PRODUCTS_DIR)/test122201.app/test122201";
			};
			name = Debug;
		};
		CCAF97C01E0BDDC100FD7BDC /* Release */ = {
			isa = XCBuildConfiguration;
			buildSettings = {
				BUNDLE_LOADER = "$(TEST_HOST)";
				INFOPLIST_FILE = test122201Tests/Info.plist;
				LD_RUNPATH_SEARCH_PATHS = "$(inherited) @executable_path/Frameworks @loader_path/Frameworks";
				PRODUCT_BUNDLE_IDENTIFIER = Gaoyang.test122201Tests;
				PRODUCT_NAME = "$(TARGET_NAME)";
				TEST_HOST = "$(BUILT_PRODUCTS_DIR)/test122201.app/test122201";
			};
			name = Release;
		};
		CCAF97C21E0BDDC100FD7BDC /* Debug */ = {
			isa = XCBuildConfiguration;
			buildSettings = {
				INFOPLIST_FILE = test122201UITests/Info.plist;
				LD_RUNPATH_SEARCH_PATHS = "$(inherited) @executable_path/Frameworks @loader_path/Frameworks";
				PRODUCT_BUNDLE_IDENTIFIER = Gaoyang.test122201UITests;
				PRODUCT_NAME = "$(TARGET_NAME)";
				TEST_TARGET_NAME = test122201;
			};
			name = Debug;
		};
		CCAF97C31E0BDDC100FD7BDC /* Release */ = {
			isa = XCBuildConfiguration;
			buildSettings = {
				INFOPLIST_FILE = test122201UITests/Info.plist;
				LD_RUNPATH_SEARCH_PATHS = "$(inherited) @executable_path/Frameworks @loader_path/Frameworks";
				PRODUCT_BUNDLE_IDENTIFIER = Gaoyang.test122201UITests;
				PRODUCT_NAME = "$(TARGET_NAME)";
				TEST_TARGET_NAME = test122201;
			};
			name = Release;
		};
/* End XCBuildConfiguration section */

/* Begin XCConfigurationList section */
		CCAF97891E0BDDC000FD7BDC /* Build configuration list for PBXProject "test122201" */ = {
			isa = XCConfigurationList;
			buildConfigurations = (
				CCAF97B91E0BDDC100FD7BDC /* Debug */,
				CCAF97BA1E0BDDC100FD7BDC /* Release */,
			);
			defaultConfigurationIsVisible = 0;
			defaultConfigurationName = Release;
		};
		CCAF97BB1E0BDDC100FD7BDC /* Build configuration list for PBXNativeTarget "test122201" */ = {
			isa = XCConfigurationList;
			buildConfigurations = (
				CCAF97BC1E0BDDC100FD7BDC /* Debug */,
				CCAF97BD1E0BDDC100FD7BDC /* Release */,
			);
			defaultConfigurationIsVisible = 0;
		};
		CCAF97BE1E0BDDC100FD7BDC /* Build configuration list for PBXNativeTarget "test122201Tests" */ = {
			isa = XCConfigurationList;
			buildConfigurations = (
				CCAF97BF1E0BDDC100FD7BDC /* Debug */,
				CCAF97C01E0BDDC100FD7BDC /* Release */,
			);
			defaultConfigurationIsVisible = 0;
		};
		CCAF97C11E0BDDC100FD7BDC /* Build configuration list for PBXNativeTarget "test122201UITests" */ = {
			isa = XCConfigurationList;
			buildConfigurations = (
				CCAF97C21E0BDDC100FD7BDC /* Debug */,
				CCAF97C31E0BDDC100FD7BDC /* Release */,
			);
			defaultConfigurationIsVisible = 0;
		};
/* End XCConfigurationList section */
	};
	rootObject = CCAF97861E0BDDC000FD7BDC /* Project object */;
}
